
Microsoft Visual Studio Solution File, Format Version 12.00
# Visual Studio 15
VisualStudioVersion = 15.0.28010.2046
MinimumVisualStudioVersion = 10.0.40219.1
Project("{8BC9CEB8-8B4A-11D0-8D11-00A0C91BC942}") = "LabProject1", "LabProject1\LabProject1.vcxproj", "{B688879D-97D9-467E-91C8-E653DDDBF908}"
EndProject
Global
	GlobalSection(SolutionConfigurationPlatforms) = preSolution
		Debug|x64 = Debug|x64
		Debug|x86 = Debug|x86
		Release|x64 = Release|x64
		Release|x86 = Release|x86
	EndGlobalSection
	GlobalSection(ProjectConfigurationPlatforms) = postSolution
		{B688879D-97D9-467E-91C8-E653DDDBF908}.Debug|x64.ActiveCfg = Debug|x64
		{B688879D-97D9-467E-91C8-E653DDDBF908}.Debug|x64.Build.0 = Debug|x64
		{B688879D-97D9-467E-91C8-E653DDDBF908}.Debug|x86.ActiveCfg = Debug|Win32
		{B688879D-97D9-467E-91C8-E653DDDBF908}.Debug|x86.Build.0 = Debug|Win32
		{B688879D-97D9-467E-91C8-E653DDDBF908}.Release|x64.ActiveCfg = Release|x64
		{B688879D-97D9-467E-91C8-E653DDDBF908}.Release|x64.Build.0 = Release|x64
		{B688879D-97D9-467E-91C8-E653DDDBF908}.Release|x86.ActiveCfg = Release|Win32
		{B688879D-97D9-467E-91C8-E653DDDBF908}.Release|x86.Build.0 = Release|Win32
	EndGlobalSection
	GlobalSection(SolutionProperties) = preSolution
		HideSolutionNode = FALSE
	EndGlobalSection
	GlobalSection(ExtensibilityGlobals) = postSolution
		SolutionGuid = {47836C8C-F320-46A6-9570-4AAB89D9E27D}
	EndGlobalSection
EndGlobal
