
Microsoft Visual Studio Solution File, Format Version 12.00
# Visual Studio 15
VisualStudioVersion = 15.0.27428.2005
MinimumVisualStudioVersion = 10.0.40219.1
Project("{8BC9CEB8-8B4A-11D0-8D11-00A0C91BC942}") = "test_1", "test_1\test_1.vcxproj", "{D4A75260-B1F6-4E19-9E48-16A4C39207A7}"
EndProject
Project("{8BC9CEB8-8B4A-11D0-8D11-00A0C91BC942}") = "test_2", "test_2\test_2.vcxproj", "{F3CA52F3-0C90-4A4A-836E-B30E3BB9F834}"
EndProject
Project("{8BC9CEB8-8B4A-11D0-8D11-00A0C91BC942}") = "LabProject02", "LabProject02\LabProject02.vcxproj", "{6A2B7339-EC7A-499A-8D87-3A7F8EBD2D2D}"
EndProject
Project("{8BC9CEB8-8B4A-11D0-8D11-00A0C91BC942}") = "LabProject03", "LabProject03\LabProject03.vcxproj", "{6ACAA6DD-D89E-4E37-AB29-01EF1614F02D}"
EndProject
Project("{8BC9CEB8-8B4A-11D0-8D11-00A0C91BC942}") = "LabProject04", "LabProject04\LabProject04.vcxproj", "{971C92DE-C660-4D07-8674-57C2DC236347}"
EndProject
Project("{8BC9CEB8-8B4A-11D0-8D11-00A0C91BC942}") = "LabProject05", "LabProject05\LabProject05.vcxproj", "{45DE66B9-7AA5-4976-9414-552EA4584AAC}"
EndProject
Project("{8BC9CEB8-8B4A-11D0-8D11-00A0C91BC942}") = "LabProject06", "LabProject06\LabProject06.vcxproj", "{2FF04BB3-D6E6-4FA2-BCE8-DFDF764DDD1D}"
EndProject
Project("{8BC9CEB8-8B4A-11D0-8D11-00A0C91BC942}") = "LabProject07", "LabProject07\LabProject07.vcxproj", "{AA877385-CEAA-4037-9430-A055E66036C8}"
EndProject
Project("{8BC9CEB8-8B4A-11D0-8D11-00A0C91BC942}") = "LabProject08", "LabProject08\LabProject08.vcxproj", "{3E94319A-EA7A-4656-A5FD-52F1A6AFAE44}"
EndProject
Project("{8BC9CEB8-8B4A-11D0-8D11-00A0C91BC942}") = "LabProject09", "LabProject09\LabProject09.vcxproj", "{D3EB8415-7C25-40E0-8498-D1938707A1F3}"
EndProject
Project("{8BC9CEB8-8B4A-11D0-8D11-00A0C91BC942}") = "LabProject10", "LabProject10\LabProject10.vcxproj", "{468E825C-9651-4726-9A39-6C60697F9445}"
EndProject
Project("{8BC9CEB8-8B4A-11D0-8D11-00A0C91BC942}") = "LabProject11", "LabProject11\LabProject11.vcxproj", "{4B8606BC-A879-4A19-86AA-7EB1F62BCFE6}"
EndProject
Project("{8BC9CEB8-8B4A-11D0-8D11-00A0C91BC942}") = "LabProject12", "LabProject12\LabProject12.vcxproj", "{70895EF8-6677-4EE5-99F9-9A8208C4BE2D}"
EndProject
Project("{8BC9CEB8-8B4A-11D0-8D11-00A0C91BC942}") = "LabProject15", "LabProject15\LabProject15.vcxproj", "{78327E07-FFB1-4B78-A82A-0DD85E9AA5B3}"
EndProject
Project("{8BC9CEB8-8B4A-11D0-8D11-00A0C91BC942}") = "LabProject13", "LabProject13\LabProject13.vcxproj", "{ADFA5553-88C4-48DB-949B-DFC9DE4EE093}"
EndProject
Project("{8BC9CEB8-8B4A-11D0-8D11-00A0C91BC942}") = "LabProject14", "LabProject14\LabProject14.vcxproj", "{F108A57F-D30F-4A64-8C4E-6E0BD6FDC98C}"
EndProject
Project("{8BC9CEB8-8B4A-11D0-8D11-00A0C91BC942}") = "LabProject17", "LabProject17\LabProject17.vcxproj", "{4A3BB5B3-CEAF-4B33-B948-68AA8222CD74}"
EndProject
Global
	GlobalSection(SolutionConfigurationPlatforms) = preSolution
		Debug|x64 = Debug|x64
		Debug|x86 = Debug|x86
		Release|x64 = Release|x64
		Release|x86 = Release|x86
	EndGlobalSection
	GlobalSection(ProjectConfigurationPlatforms) = postSolution
		{D4A75260-B1F6-4E19-9E48-16A4C39207A7}.Debug|x64.ActiveCfg = Debug|x64
		{D4A75260-B1F6-4E19-9E48-16A4C39207A7}.Debug|x64.Build.0 = Debug|x64
		{D4A75260-B1F6-4E19-9E48-16A4C39207A7}.Debug|x86.ActiveCfg = Debug|Win32
		{D4A75260-B1F6-4E19-9E48-16A4C39207A7}.Debug|x86.Build.0 = Debug|Win32
		{D4A75260-B1F6-4E19-9E48-16A4C39207A7}.Release|x64.ActiveCfg = Release|x64
		{D4A75260-B1F6-4E19-9E48-16A4C39207A7}.Release|x64.Build.0 = Release|x64
		{D4A75260-B1F6-4E19-9E48-16A4C39207A7}.Release|x86.ActiveCfg = Release|Win32
		{D4A75260-B1F6-4E19-9E48-16A4C39207A7}.Release|x86.Build.0 = Release|Win32
		{F3CA52F3-0C90-4A4A-836E-B30E3BB9F834}.Debug|x64.ActiveCfg = Debug|x64
		{F3CA52F3-0C90-4A4A-836E-B30E3BB9F834}.Debug|x64.Build.0 = Debug|x64
		{F3CA52F3-0C90-4A4A-836E-B30E3BB9F834}.Debug|x86.ActiveCfg = Debug|Win32
		{F3CA52F3-0C90-4A4A-836E-B30E3BB9F834}.Debug|x86.Build.0 = Debug|Win32
		{F3CA52F3-0C90-4A4A-836E-B30E3BB9F834}.Release|x64.ActiveCfg = Release|x64
		{F3CA52F3-0C90-4A4A-836E-B30E3BB9F834}.Release|x64.Build.0 = Release|x64
		{F3CA52F3-0C90-4A4A-836E-B30E3BB9F834}.Release|x86.ActiveCfg = Release|Win32
		{F3CA52F3-0C90-4A4A-836E-B30E3BB9F834}.Release|x86.Build.0 = Release|Win32
		{6A2B7339-EC7A-499A-8D87-3A7F8EBD2D2D}.Debug|x64.ActiveCfg = Debug|x64
		{6A2B7339-EC7A-499A-8D87-3A7F8EBD2D2D}.Debug|x64.Build.0 = Debug|x64
		{6A2B7339-EC7A-499A-8D87-3A7F8EBD2D2D}.Debug|x86.ActiveCfg = Debug|Win32
		{6A2B7339-EC7A-499A-8D87-3A7F8EBD2D2D}.Debug|x86.Build.0 = Debug|Win32
		{6A2B7339-EC7A-499A-8D87-3A7F8EBD2D2D}.Release|x64.ActiveCfg = Release|x64
		{6A2B7339-EC7A-499A-8D87-3A7F8EBD2D2D}.Release|x64.Build.0 = Release|x64
		{6A2B7339-EC7A-499A-8D87-3A7F8EBD2D2D}.Release|x86.ActiveCfg = Release|Win32
		{6A2B7339-EC7A-499A-8D87-3A7F8EBD2D2D}.Release|x86.Build.0 = Release|Win32
		{6ACAA6DD-D89E-4E37-AB29-01EF1614F02D}.Debug|x64.ActiveCfg = Debug|x64
		{6ACAA6DD-D89E-4E37-AB29-01EF1614F02D}.Debug|x64.Build.0 = Debug|x64
		{6ACAA6DD-D89E-4E37-AB29-01EF1614F02D}.Debug|x86.ActiveCfg = Debug|Win32
		{6ACAA6DD-D89E-4E37-AB29-01EF1614F02D}.Debug|x86.Build.0 = Debug|Win32
		{6ACAA6DD-D89E-4E37-AB29-01EF1614F02D}.Release|x64.ActiveCfg = Release|x64
		{6ACAA6DD-D89E-4E37-AB29-01EF1614F02D}.Release|x64.Build.0 = Release|x64
		{6ACAA6DD-D89E-4E37-AB29-01EF1614F02D}.Release|x86.ActiveCfg = Release|Win32
		{6ACAA6DD-D89E-4E37-AB29-01EF1614F02D}.Release|x86.Build.0 = Release|Win32
		{971C92DE-C660-4D07-8674-57C2DC236347}.Debug|x64.ActiveCfg = Debug|x64
		{971C92DE-C660-4D07-8674-57C2DC236347}.Debug|x64.Build.0 = Debug|x64
		{971C92DE-C660-4D07-8674-57C2DC236347}.Debug|x86.ActiveCfg = Debug|Win32
		{971C92DE-C660-4D07-8674-57C2DC236347}.Debug|x86.Build.0 = Debug|Win32
		{971C92DE-C660-4D07-8674-57C2DC236347}.Release|x64.ActiveCfg = Release|x64
		{971C92DE-C660-4D07-8674-57C2DC236347}.Release|x64.Build.0 = Release|x64
		{971C92DE-C660-4D07-8674-57C2DC236347}.Release|x86.ActiveCfg = Release|Win32
		{971C92DE-C660-4D07-8674-57C2DC236347}.Release|x86.Build.0 = Release|Win32
		{45DE66B9-7AA5-4976-9414-552EA4584AAC}.Debug|x64.ActiveCfg = Debug|x64
		{45DE66B9-7AA5-4976-9414-552EA4584AAC}.Debug|x64.Build.0 = Debug|x64
		{45DE66B9-7AA5-4976-9414-552EA4584AAC}.Debug|x86.ActiveCfg = Debug|Win32
		{45DE66B9-7AA5-4976-9414-552EA4584AAC}.Debug|x86.Build.0 = Debug|Win32
		{45DE66B9-7AA5-4976-9414-552EA4584AAC}.Release|x64.ActiveCfg = Release|x64
		{45DE66B9-7AA5-4976-9414-552EA4584AAC}.Release|x64.Build.0 = Release|x64
		{45DE66B9-7AA5-4976-9414-552EA4584AAC}.Release|x86.ActiveCfg = Release|Win32
		{45DE66B9-7AA5-4976-9414-552EA4584AAC}.Release|x86.Build.0 = Release|Win32
		{2FF04BB3-D6E6-4FA2-BCE8-DFDF764DDD1D}.Debug|x64.ActiveCfg = Debug|x64
		{2FF04BB3-D6E6-4FA2-BCE8-DFDF764DDD1D}.Debug|x64.Build.0 = Debug|x64
		{2FF04BB3-D6E6-4FA2-BCE8-DFDF764DDD1D}.Debug|x86.ActiveCfg = Debug|Win32
		{2FF04BB3-D6E6-4FA2-BCE8-DFDF764DDD1D}.Debug|x86.Build.0 = Debug|Win32
		{2FF04BB3-D6E6-4FA2-BCE8-DFDF764DDD1D}.Release|x64.ActiveCfg = Release|x64
		{2FF04BB3-D6E6-4FA2-BCE8-DFDF764DDD1D}.Release|x64.Build.0 = Release|x64
		{2FF04BB3-D6E6-4FA2-BCE8-DFDF764DDD1D}.Release|x86.ActiveCfg = Release|Win32
		{2FF04BB3-D6E6-4FA2-BCE8-DFDF764DDD1D}.Release|x86.Build.0 = Release|Win32
		{AA877385-CEAA-4037-9430-A055E66036C8}.Debug|x64.ActiveCfg = Debug|x64
		{AA877385-CEAA-4037-9430-A055E66036C8}.Debug|x64.Build.0 = Debug|x64
		{AA877385-CEAA-4037-9430-A055E66036C8}.Debug|x86.ActiveCfg = Debug|Win32
		{AA877385-CEAA-4037-9430-A055E66036C8}.Debug|x86.Build.0 = Debug|Win32
		{AA877385-CEAA-4037-9430-A055E66036C8}.Release|x64.ActiveCfg = Release|x64
		{AA877385-CEAA-4037-9430-A055E66036C8}.Release|x64.Build.0 = Release|x64
		{AA877385-CEAA-4037-9430-A055E66036C8}.Release|x86.ActiveCfg = Release|Win32
		{AA877385-CEAA-4037-9430-A055E66036C8}.Release|x86.Build.0 = Release|Win32
		{3E94319A-EA7A-4656-A5FD-52F1A6AFAE44}.Debug|x64.ActiveCfg = Debug|x64
		{3E94319A-EA7A-4656-A5FD-52F1A6AFAE44}.Debug|x64.Build.0 = Debug|x64
		{3E94319A-EA7A-4656-A5FD-52F1A6AFAE44}.Debug|x86.ActiveCfg = Debug|Win32
		{3E94319A-EA7A-4656-A5FD-52F1A6AFAE44}.Debug|x86.Build.0 = Debug|Win32
		{3E94319A-EA7A-4656-A5FD-52F1A6AFAE44}.Release|x64.ActiveCfg = Release|x64
		{3E94319A-EA7A-4656-A5FD-52F1A6AFAE44}.Release|x64.Build.0 = Release|x64
		{3E94319A-EA7A-4656-A5FD-52F1A6AFAE44}.Release|x86.ActiveCfg = Release|Win32
		{3E94319A-EA7A-4656-A5FD-52F1A6AFAE44}.Release|x86.Build.0 = Release|Win32
		{D3EB8415-7C25-40E0-8498-D1938707A1F3}.Debug|x64.ActiveCfg = Debug|x64
		{D3EB8415-7C25-40E0-8498-D1938707A1F3}.Debug|x64.Build.0 = Debug|x64
		{D3EB8415-7C25-40E0-8498-D1938707A1F3}.Debug|x86.ActiveCfg = Debug|Win32
		{D3EB8415-7C25-40E0-8498-D1938707A1F3}.Debug|x86.Build.0 = Debug|Win32
		{D3EB8415-7C25-40E0-8498-D1938707A1F3}.Release|x64.ActiveCfg = Release|x64
		{D3EB8415-7C25-40E0-8498-D1938707A1F3}.Release|x64.Build.0 = Release|x64
		{D3EB8415-7C25-40E0-8498-D1938707A1F3}.Release|x86.ActiveCfg = Release|Win32
		{D3EB8415-7C25-40E0-8498-D1938707A1F3}.Release|x86.Build.0 = Release|Win32
		{468E825C-9651-4726-9A39-6C60697F9445}.Debug|x64.ActiveCfg = Debug|x64
		{468E825C-9651-4726-9A39-6C60697F9445}.Debug|x64.Build.0 = Debug|x64
		{468E825C-9651-4726-9A39-6C60697F9445}.Debug|x86.ActiveCfg = Debug|Win32
		{468E825C-9651-4726-9A39-6C60697F9445}.Debug|x86.Build.0 = Debug|Win32
		{468E825C-9651-4726-9A39-6C60697F9445}.Release|x64.ActiveCfg = Release|x64
		{468E825C-9651-4726-9A39-6C60697F9445}.Release|x64.Build.0 = Release|x64
		{468E825C-9651-4726-9A39-6C60697F9445}.Release|x86.ActiveCfg = Release|Win32
		{468E825C-9651-4726-9A39-6C60697F9445}.Release|x86.Build.0 = Release|Win32
		{4B8606BC-A879-4A19-86AA-7EB1F62BCFE6}.Debug|x64.ActiveCfg = Debug|x64
		{4B8606BC-A879-4A19-86AA-7EB1F62BCFE6}.Debug|x64.Build.0 = Debug|x64
		{4B8606BC-A879-4A19-86AA-7EB1F62BCFE6}.Debug|x86.ActiveCfg = Debug|Win32
		{4B8606BC-A879-4A19-86AA-7EB1F62BCFE6}.Debug|x86.Build.0 = Debug|Win32
		{4B8606BC-A879-4A19-86AA-7EB1F62BCFE6}.Release|x64.ActiveCfg = Release|x64
		{4B8606BC-A879-4A19-86AA-7EB1F62BCFE6}.Release|x64.Build.0 = Release|x64
		{4B8606BC-A879-4A19-86AA-7EB1F62BCFE6}.Release|x86.ActiveCfg = Release|Win32
		{4B8606BC-A879-4A19-86AA-7EB1F62BCFE6}.Release|x86.Build.0 = Release|Win32
		{70895EF8-6677-4EE5-99F9-9A8208C4BE2D}.Debug|x64.ActiveCfg = Debug|x64
		{70895EF8-6677-4EE5-99F9-9A8208C4BE2D}.Debug|x64.Build.0 = Debug|x64
		{70895EF8-6677-4EE5-99F9-9A8208C4BE2D}.Debug|x86.ActiveCfg = Debug|Win32
		{70895EF8-6677-4EE5-99F9-9A8208C4BE2D}.Debug|x86.Build.0 = Debug|Win32
		{70895EF8-6677-4EE5-99F9-9A8208C4BE2D}.Release|x64.ActiveCfg = Release|x64
		{70895EF8-6677-4EE5-99F9-9A8208C4BE2D}.Release|x64.Build.0 = Release|x64
		{70895EF8-6677-4EE5-99F9-9A8208C4BE2D}.Release|x86.ActiveCfg = Release|Win32
		{70895EF8-6677-4EE5-99F9-9A8208C4BE2D}.Release|x86.Build.0 = Release|Win32
		{78327E07-FFB1-4B78-A82A-0DD85E9AA5B3}.Debug|x64.ActiveCfg = Debug|x64
		{78327E07-FFB1-4B78-A82A-0DD85E9AA5B3}.Debug|x64.Build.0 = Debug|x64
		{78327E07-FFB1-4B78-A82A-0DD85E9AA5B3}.Debug|x86.ActiveCfg = Debug|Win32
		{78327E07-FFB1-4B78-A82A-0DD85E9AA5B3}.Debug|x86.Build.0 = Debug|Win32
		{78327E07-FFB1-4B78-A82A-0DD85E9AA5B3}.Release|x64.ActiveCfg = Release|x64
		{78327E07-FFB1-4B78-A82A-0DD85E9AA5B3}.Release|x64.Build.0 = Release|x64
		{78327E07-FFB1-4B78-A82A-0DD85E9AA5B3}.Release|x86.ActiveCfg = Release|Win32
		{78327E07-FFB1-4B78-A82A-0DD85E9AA5B3}.Release|x86.Build.0 = Release|Win32
		{ADFA5553-88C4-48DB-949B-DFC9DE4EE093}.Debug|x64.ActiveCfg = Debug|x64
		{ADFA5553-88C4-48DB-949B-DFC9DE4EE093}.Debug|x64.Build.0 = Debug|x64
		{ADFA5553-88C4-48DB-949B-DFC9DE4EE093}.Debug|x86.ActiveCfg = Debug|Win32
		{ADFA5553-88C4-48DB-949B-DFC9DE4EE093}.Debug|x86.Build.0 = Debug|Win32
		{ADFA5553-88C4-48DB-949B-DFC9DE4EE093}.Release|x64.ActiveCfg = Release|x64
		{ADFA5553-88C4-48DB-949B-DFC9DE4EE093}.Release|x64.Build.0 = Release|x64
		{ADFA5553-88C4-48DB-949B-DFC9DE4EE093}.Release|x86.ActiveCfg = Release|Win32
		{ADFA5553-88C4-48DB-949B-DFC9DE4EE093}.Release|x86.Build.0 = Release|Win32
		{F108A57F-D30F-4A64-8C4E-6E0BD6FDC98C}.Debug|x64.ActiveCfg = Debug|x64
		{F108A57F-D30F-4A64-8C4E-6E0BD6FDC98C}.Debug|x64.Build.0 = Debug|x64
		{F108A57F-D30F-4A64-8C4E-6E0BD6FDC98C}.Debug|x86.ActiveCfg = Debug|Win32
		{F108A57F-D30F-4A64-8C4E-6E0BD6FDC98C}.Debug|x86.Build.0 = Debug|Win32
		{F108A57F-D30F-4A64-8C4E-6E0BD6FDC98C}.Release|x64.ActiveCfg = Release|x64
		{F108A57F-D30F-4A64-8C4E-6E0BD6FDC98C}.Release|x64.Build.0 = Release|x64
		{F108A57F-D30F-4A64-8C4E-6E0BD6FDC98C}.Release|x86.ActiveCfg = Release|Win32
		{F108A57F-D30F-4A64-8C4E-6E0BD6FDC98C}.Release|x86.Build.0 = Release|Win32
		{4A3BB5B3-CEAF-4B33-B948-68AA8222CD74}.Debug|x64.ActiveCfg = Debug|x64
		{4A3BB5B3-CEAF-4B33-B948-68AA8222CD74}.Debug|x64.Build.0 = Debug|x64
		{4A3BB5B3-CEAF-4B33-B948-68AA8222CD74}.Debug|x86.ActiveCfg = Debug|Win32
		{4A3BB5B3-CEAF-4B33-B948-68AA8222CD74}.Debug|x86.Build.0 = Debug|Win32
		{4A3BB5B3-CEAF-4B33-B948-68AA8222CD74}.Release|x64.ActiveCfg = Release|x64
		{4A3BB5B3-CEAF-4B33-B948-68AA8222CD74}.Release|x64.Build.0 = Release|x64
		{4A3BB5B3-CEAF-4B33-B948-68AA8222CD74}.Release|x86.ActiveCfg = Release|Win32
		{4A3BB5B3-CEAF-4B33-B948-68AA8222CD74}.Release|x86.Build.0 = Release|Win32
	EndGlobalSection
	GlobalSection(SolutionProperties) = preSolution
		HideSolutionNode = FALSE
	EndGlobalSection
	GlobalSection(ExtensibilityGlobals) = postSolution
		SolutionGuid = {CB940FED-BF4B-45F6-AD7D-46F642E25034}
	EndGlobalSection
EndGlobal
